{
  "lockfileVersion": 3,
  "packages": {
    "": {
      "name": "test-project",
      "version": "1.0.0"
    },
    "node_modules/lodash": {
      "version": "4.17.21",
      "resolved": "https://registry.npmjs.org/lodash/-/lodash-4.17.21.tgz",
      "integrity": "sha512-v2kDEe57lecTulaDIuNTPy3Ry4gLGJ6Z1O3vE1krgXZNrsQ+LFTGHVxVjcXPs17LhbZVGedAJv8XZ1tvj5FvSg=="
    },
    "node_modules/chalk": {
      "version": "5.0.0",
      "resolved": "https://registry.npmjs.org/chalk/-/chalk-5.0.0.tgz",
      "integrity": "sha512-/duVOqst+STCgeh14dGXLzJU41Dn8S1mfgeV2VCu1n4mT5n7x6rM8XQK4jTwJv36N2bLaBVV5p0+QIw7l9kR2Ag=="
    },
    "node_modules/typescript": {
      "version": "5.0.0",
      "resolved": "https://registry.npmjs.org/typescript/-/typescript-5.0.0.tgz",
      "integrity": "sha512-1RbRgu8gke1G6IL0qN3VlrH4W3RVfK29L4T7G9Ia9lEfNN7Trx72G9cJ0l5T6ZH8DqJ3v5R6u/4S/D4q9xX7qM8w==",
      "dev": true
    }
  }
}